{
  "nodes": {
    "agent-badge": {
      "inputs": {
        "flake-utils": [
          "flake-utils"
        ],
        "gitignore": [
          "gitignore"
        ],
        "nixpkgs": [
          "nixpkgs"
        ]
      },
      "locked": {
        "lastModified": 1786503253,
        "narHash": "sha256-z2RfLBtLSNw5VzV+cA+/YXtgg2Hoxvd+P89aAO5Ts+c=",
        "ref": "master",
        "rev": "4e8f892f443245cf9a32583034d3a155e9fdcb48",
        "revCount": 463,
        "type": "git",
        "url": "https://github.com/jbboehr/agent-badge.ts"
      },
      "original": {
        "ref": "master",
        "type": "git",
        "url": "https://github.com/jbboehr/agent-badge.ts"
      }
    },
    "flake-compat": {
      "flake": false,
      "locked": {
        "lastModified": 1767039857,
        "narHash": "sha256-vNpUSpF5Nuw8xvDLj2KCwwksIbjua2LZCqhV1LNRDns=",
        "owner": "NixOS",
        "repo": "flake-compat",
        "rev": "5edf11c44bc78a0d334f6334cdaf7d60d732daab",
        "type": "github"
      },
      "original": {
        "owner": "NixOS",
        "repo": "flake-compat",
        "type": "github"
      }
    },
    "flake-utils": {
      "inputs": {
        "systems": "systems"
      },
      "locked": {
        "lastModified": 1731533236,
        "narHash": "sha256-l0KFg5HjrsfsO/JpG+r7fRrqm12kzFHyUHqHCVpMMbI=",
        "owner": "numtide",
        "repo": "flake-utils",
        "rev": "11707dc2f618dd54ca8739b309ec4fc024de578b",
        "type": "github"
      },
      "original": {
        "owner": "numtide",
        "repo": "flake-utils",
        "type": "github"
      }
    },
    "gitignore": {
      "inputs": {
        "nixpkgs": [
          "nixpkgs"
        ]
      },
      "locked": {
        "lastModified": 1762808025,
        "narHash": "sha256-XmjITeZNMTQXGhhww6ed/Wacy2KzD6svioyCX7pkUu4=",
        "owner": "hercules-ci",
        "repo": "gitignore.nix",
        "rev": "cb5e3fdca1de58ccbc3ef53de65bd372b48f567c",
        "type": "github"
      },
      "original": {
        "owner": "hercules-ci",
        "repo": "gitignore.nix",
        "type": "github"
      }
    },
    "nix-github-actions": {
      "inputs": {
        "nixpkgs": [
          "nixpkgs"
        ]
      },
      "locked": {
        "lastModified": 1737420293,
        "narHash": "sha256-F1G5ifvqTpJq7fdkT34e/Jy9VCyzd5XfJ9TO8fHhJWE=",
        "owner": "nix-community",
        "repo": "nix-github-actions",
        "rev": "f4158fa080ef4503c8f4c820967d946c2af31ec9",
        "type": "github"
      },
      "original": {
        "owner": "nix-community",
        "repo": "nix-github-actions",
        "type": "github"
      }
    },
    "nixpkgs": {
      "locked": {
        "lastModified": 1785734586,
        "narHash": "sha256-ODZkEK9Gy50yg6h98u7KkitZ3oc/uuTFK00bh1CRdNA=",
        "owner": "nixos",
        "repo": "nixpkgs",
        "rev": "531670d871c0e29724a02f3cbcac170adc65b58c",
        "type": "github"
      },
      "original": {
        "owner": "nixos",
        "ref": "nixos-26.05",
        "repo": "nixpkgs",
        "type": "github"
      }
    },
    "php-perfidious": {
      "flake": false,
      "locked": {
        "lastModified": 1785654964,
        "narHash": "sha256-w7oogFyTI2pzUUIib7SCKaJ5/2bDi3Qi6/qG8dGifUY=",
        "owner": "jbboehr",
        "repo": "php-perfidious",
        "rev": "c646bd1313214dc86c9101fe459784ce0e887b6f",
        "type": "github"
      },
      "original": {
        "owner": "jbboehr",
        "repo": "php-perfidious",
        "type": "github"
      }
    },
    "phpstan-laravel-validation-development-head": {
      "flake": false,
      "locked": {
        "lastModified": 1786118894,
        "narHash": "sha256-z1HqSikBk+PlTloqiLjPjLE9vdS6KZH7KE3GGuemIuk=",
        "owner": "jbboehr",
        "repo": "phpstan-laravel-validation",
        "rev": "93a4d0db15557c410147013f7bb592a06f4a3cd1",
        "type": "github"
      },
      "original": {
        "owner": "jbboehr",
        "repo": "phpstan-laravel-validation",
        "type": "github"
      }
    },
    "pre-commit-hooks": {
      "inputs": {
        "flake-compat": "flake-compat",
        "nixpkgs": [
          "nixpkgs"
        ]
      },
      "locked": {
        "lastModified": 1784288435,
        "narHash": "sha256-ReRHaLgr/uVqdD8afFSn+myXIfpHeOhP0yYe0TJqAA8=",
        "owner": "cachix",
        "repo": "pre-commit-hooks.nix",
        "rev": "43b3c1ab9d40fb1dbb008f451988a91e375825e9",
        "type": "github"
      },
      "original": {
        "owner": "cachix",
        "repo": "pre-commit-hooks.nix",
        "type": "github"
      }
    },
    "root": {
      "inputs": {
        "agent-badge": "agent-badge",
        "flake-utils": "flake-utils",
        "gitignore": "gitignore",
        "nix-github-actions": "nix-github-actions",
        "nixpkgs": "nixpkgs",
        "php-perfidious": "php-perfidious",
        "phpstan-laravel-validation-development-head": "phpstan-laravel-validation-development-head",
        "pre-commit-hooks": "pre-commit-hooks",
        "treefmt-nix": "treefmt-nix",
        "yumemi-development-head": "yumemi-development-head"
      }
    },
    "systems": {
      "locked": {
        "lastModified": 1681028828,
        "narHash": "sha256-Vy1rq5AaRuLzOxct8nz4T6wlgyUR7zLU309k9mBC768=",
        "owner": "nix-systems",
        "repo": "default",
        "rev": "da67096a3b9bf56a91d16901293e51ba5b49a27e",
        "type": "github"
      },
      "original": {
        "owner": "nix-systems",
        "repo": "default",
        "type": "github"
      }
    },
    "treefmt-nix": {
      "inputs": {
        "nixpkgs": [
          "nixpkgs"
        ]
      },
      "locked": {
        "lastModified": 1785360170,
        "narHash": "sha256-XE1lKgQ3eIO3E7zWryqcRsax+mYXod/5RHBn4YaR9YE=",
        "owner": "numtide",
        "repo": "treefmt-nix",
        "rev": "d1187f8bc71fb8aab02395869ec3f5c1920f75c0",
        "type": "github"
      },
      "original": {
        "owner": "numtide",
        "repo": "treefmt-nix",
        "type": "github"
      }
    },
    "yumemi-development-head": {
      "flake": false,
      "locked": {
        "lastModified": 1786848826,
        "narHash": "sha256-sitKZfQqyYmjeTVyb8xv0wS4m0yAKj/23LOt50J/Lm0=",
        "owner": "jbboehr",
        "repo": "yumemi.php",
        "rev": "8b122dbf2df0ebf5c75b22f19f0df1fd492872a0",
        "type": "github"
      },
      "original": {
        "owner": "jbboehr",
        "repo": "yumemi.php",
        "type": "github"
      }
    }
  },
  "root": "root",
  "version": 7
}
